{
	"name": "khleomix",
	"version": "2.0.0",
	"lockfileVersion": 1,
	"requires": true,
	"dependencies": {
		"cross-env": {
			"version": "7.0.3",
			"resolved": "https://registry.npmjs.org/cross-env/-/cross-env-7.0.3.tgz",
			"integrity": "sha512-+/HKd6EgcQCJGh2PSjZuUitQBQynKor4wrFbRg4DtAgS1aWO+gU52xpH7M9ScGgXSYmAVS9bIJ8EzuaGw0oNAw==",
			"dev": true,
			"requires": {
				"cross-spawn": "^7.0.1"
			}
		},
		"cross-spawn": {
			"version": "7.0.6",
			"resolved": "https://registry.npmjs.org/cross-spawn/-/cross-spawn-7.0.6.tgz",
			"integrity": "sha512-uV2QOWP2nWzsy2aMp8aRibhi9dlzF5Hgh5SHaB9OiTGEyDTiJJyx0uy51QXdyWbtAHNua4XJzUKca3OzKUd3vA==",
			"dev": true,
			"requires": {
				"path-key": "^3.1.0",
				"shebang-command": "^2.0.0",
				"which": "^2.0.1"
			}
		},
		"isexe": {
			"version": "2.0.0",
			"resolved": "https://registry.npmjs.org/isexe/-/isexe-2.0.0.tgz",
			"integrity": "sha512-RHxMLp9lnKHGHRng9QFhRCMbYAcVpn69smSGcq3f36xjgVVWThj4qqLbTLlq7Ssj8B+fIQ1EuCEGI2lKsyQeIw==",
			"dev": true
		},
		"lefthook": {
			"version": "1.12.3",
			"resolved": "https://registry.npmjs.org/lefthook/-/lefthook-1.12.3.tgz",
			"integrity": "sha512-huMg+mGp6wHPjkaLdchuOvxVRMzvz6OVdhivatiH2Qn47O5Zm46jwzbVPYIanX6N/8ZTjGLBxv8tZ0KYmKt/Jg==",
			"dev": true,
			"requires": {
				"lefthook-darwin-arm64": "1.12.3",
				"lefthook-darwin-x64": "1.12.3",
				"lefthook-freebsd-arm64": "1.12.3",
				"lefthook-freebsd-x64": "1.12.3",
				"lefthook-linux-arm64": "1.12.3",
				"lefthook-linux-x64": "1.12.3",
				"lefthook-openbsd-arm64": "1.12.3",
				"lefthook-openbsd-x64": "1.12.3",
				"lefthook-windows-arm64": "1.12.3",
				"lefthook-windows-x64": "1.12.3"
			}
		},
		"lefthook-darwin-arm64": {
			"version": "1.12.3",
			"resolved": "https://registry.npmjs.org/lefthook-darwin-arm64/-/lefthook-darwin-arm64-1.12.3.tgz",
			"integrity": "sha512-j1lwaosWRy3vhz8oQgCS1M6EUFN95aIYeNuqkczsBoAA6BDNAmVP1ctYEIYUK4bYaIgENbqbA9prYMAhyzh6Og==",
			"dev": true,
			"optional": true
		},
		"lefthook-darwin-x64": {
			"version": "1.12.3",
			"resolved": "https://registry.npmjs.org/lefthook-darwin-x64/-/lefthook-darwin-x64-1.12.3.tgz",
			"integrity": "sha512-x6aWFfLQX4m5zQ4X9zh5+hHOE5XTvNjz2zB9DI+xbIBLs2RRg0xJNT3OfgSrBU1QtEBneJ5dRQP5nl47td9GDQ==",
			"dev": true,
			"optional": true
		},
		"lefthook-freebsd-arm64": {
			"version": "1.12.3",
			"resolved": "https://registry.npmjs.org/lefthook-freebsd-arm64/-/lefthook-freebsd-arm64-1.12.3.tgz",
			"integrity": "sha512-41OmulLqVZ0EOHmmHouJrpL59SwDD7FLoso4RsQVIBPaf8fHacdLo07Ye28VWQ5XolZQvnWcr1YXKo4JhqQMyw==",
			"dev": true,
			"optional": true
		},
		"lefthook-freebsd-x64": {
			"version": "1.12.3",
			"resolved": "https://registry.npmjs.org/lefthook-freebsd-x64/-/lefthook-freebsd-x64-1.12.3.tgz",
			"integrity": "sha512-741/JRCJIS++hgYEH2uefN4FsH872V7gy2zDhcfQofiZnWP7+qhl4Wmwi8IpjIu4X7hLOC4cT18LOVU5L8KV9Q==",
			"dev": true,
			"optional": true
		},
		"lefthook-linux-arm64": {
			"version": "1.12.3",
			"resolved": "https://registry.npmjs.org/lefthook-linux-arm64/-/lefthook-linux-arm64-1.12.3.tgz",
			"integrity": "sha512-BXIy1aDFZmFgmebJliNrEqZfX1lSOD4b/USvANv1UirFrNgTq5SRssd1CKfflT2PwKX6LsJTD4WabLLWZOxp9A==",
			"dev": true,
			"optional": true
		},
		"lefthook-linux-x64": {
			"version": "1.12.3",
			"resolved": "https://registry.npmjs.org/lefthook-linux-x64/-/lefthook-linux-x64-1.12.3.tgz",
			"integrity": "sha512-FRdwdj5jsQAP2eVrtkVUqMqYNCbQ2Ix84izy29/BvLlu/hVypAGbDfUkgFnsmAd6ZsCBeYCEtPuqyg3E3SO0Rg==",
			"dev": true,
			"optional": true
		},
		"lefthook-openbsd-arm64": {
			"version": "1.12.3",
			"resolved": "https://registry.npmjs.org/lefthook-openbsd-arm64/-/lefthook-openbsd-arm64-1.12.3.tgz",
			"integrity": "sha512-tch5wXY4GOjKAYohH7OFoxNdVHuUSYt2Pulo2VTkMYEG8IrvJnRO5MkvgHtKDHzU5mfABQYv5+ccJykDx5hQWA==",
			"dev": true,
			"optional": true
		},
		"lefthook-openbsd-x64": {
			"version": "1.12.3",
			"resolved": "https://registry.npmjs.org/lefthook-openbsd-x64/-/lefthook-openbsd-x64-1.12.3.tgz",
			"integrity": "sha512-IHbHg/rUFXrAN7LnjcQEtutCHBaD49CZge96Hpk0GZ2eEG5GTCNRnUyEf+Kf3+RTqHFgwtADdpeDa/ZaGZTM4g==",
			"dev": true,
			"optional": true
		},
		"lefthook-windows-arm64": {
			"version": "1.12.3",
			"resolved": "https://registry.npmjs.org/lefthook-windows-arm64/-/lefthook-windows-arm64-1.12.3.tgz",
			"integrity": "sha512-wghcE5TSpb+mbtemUV6uAo9hEK09kxRzhf2nPdeDX+fw42cL2TGZsbaCnDyzaY144C+L2/wEWrLIHJMnZYkuqA==",
			"dev": true,
			"optional": true
		},
		"lefthook-windows-x64": {
			"version": "1.12.3",
			"resolved": "https://registry.npmjs.org/lefthook-windows-x64/-/lefthook-windows-x64-1.12.3.tgz",
			"integrity": "sha512-7Co/L8e2x2hGC1L33jDJ4ZlTkO3PJm25GOGpLfN1kqwhGB/uzMLeTI/PBczjlIN8isUv26ouNd9rVR7Bibrwyg==",
			"dev": true,
			"optional": true
		},
		"path-key": {
			"version": "3.1.1",
			"resolved": "https://registry.npmjs.org/path-key/-/path-key-3.1.1.tgz",
			"integrity": "sha512-ojmeN0qd+y0jszEtoY48r0Peq5dwMEkIlCOu6Q5f41lfkswXuKtYrhgoTpLnyIcHm24Uhqx+5Tqm2InSwLhE6Q==",
			"dev": true
		},
		"shebang-command": {
			"version": "2.0.0",
			"resolved": "https://registry.npmjs.org/shebang-command/-/shebang-command-2.0.0.tgz",
			"integrity": "sha512-kHxr2zZpYtdmrN1qDjrrX/Z1rR1kG8Dx+gkpK1G4eXmvXswmcE1hTWBWYUzlraYw1/yZp6YuDY77YtvbN0dmDA==",
			"dev": true,
			"requires": {
				"shebang-regex": "^3.0.0"
			}
		},
		"shebang-regex": {
			"version": "3.0.0",
			"resolved": "https://registry.npmjs.org/shebang-regex/-/shebang-regex-3.0.0.tgz",
			"integrity": "sha512-7++dFhtcx3353uBaq8DDR4NuxBetBzC7ZQOhmTQInHEd6bSrXdiEyzCvG07Z44UYdLShWUyXt5M/yhz8ekcb1A==",
			"dev": true
		},
		"which": {
			"version": "2.0.2",
			"resolved": "https://registry.npmjs.org/which/-/which-2.0.2.tgz",
			"integrity": "sha512-BLI3Tl1TW3Pvl70l3yq3Y64i+awpwXqsGBYWkkqMtnbXgrMD+yj7rhW0kuEDxzJaYXGjEW5ogapKNMEKNMjibA==",
			"dev": true,
			"requires": {
				"isexe": "^2.0.0"
			}
		}
	}
}
